
Microsoft Visual Studio Solution File, Format Version 12.00
# Visual Studio Version 16
VisualStudioVersion = 16.0.30114.105
MinimumVisualStudioVersion = 10.0.40219.1
Project("{2150E333-8FDC-42A3-9474-1A3956D46DE8}") = "src", "src", "{93FFB128-1AF8-453D-BB98-722C018D0540}"
EndProject
Project("{2150E333-8FDC-42A3-9474-1A3956D46DE8}") = "Services", "Services", "{71C18463-8874-4B1E-966B-A4FCE46ACF91}"
EndProject
Project("{2150E333-8FDC-42A3-9474-1A3956D46DE8}") = "Web", "Web", "{694DFB20-BDE3-4998-A84B-FC7D52554CE6}"
EndProject
Project("{FAE04EC0-301F-11D3-BF4B-00C04F79EFBC}") = "NSE.WebApp.MVC", "src\Web\MVC\NSE.WebApp.MVC.csproj", "{CCC70904-8CDA-473B-9C21-0CA4D6CF86F3}"
EndProject
Project("{2150E333-8FDC-42A3-9474-1A3956D46DE8}") = "BuildingBlocks", "BuildingBlocks", "{19D75AFC-4E25-481C-A257-EB504AE4810F}"
EndProject
Project("{FAE04EC0-301F-11D3-BF4B-00C04F79EFBC}") = "NSE.Core", "src\BuildingBlocks\Core\NSE.Core.csproj", "{2B192B93-88D0-4553-9A82-8446FA998C76}"
EndProject
Project("{FAE04EC0-301F-11D3-BF4B-00C04F79EFBC}") = "NSE.Carrinho.API", "src\Services\Carrinho\NSE.Carrinho.API.csproj", "{2590649F-14EF-48C8-A52C-BB57915269D6}"
EndProject
Project("{FAE04EC0-301F-11D3-BF4B-00C04F79EFBC}") = "NSE.Catalogo.API", "src\Services\Catalogo\NSE.Catalogo.API.csproj", "{C31D1C0D-745D-4AE4-80D1-0D2203ED431C}"
EndProject
Project("{FAE04EC0-301F-11D3-BF4B-00C04F79EFBC}") = "NSE.Cliente.API", "src\Services\Cliente\NSE.Cliente.API.csproj", "{ABB13247-B754-476D-B06E-BBBD01AFFC83}"
EndProject
Project("{FAE04EC0-301F-11D3-BF4B-00C04F79EFBC}") = "NSE.Pagamento.API", "src\Services\Pagamento\NSE.Pagamento.API.csproj", "{EB9E5032-D5A0-43C9-A7FB-F80FE38431E2}"
EndProject
Project("{FAE04EC0-301F-11D3-BF4B-00C04F79EFBC}") = "NSE.Pedido.API", "src\Services\Pedido\NSE.Pedido.API.csproj", "{6AC04A1A-0FE5-46AB-B50D-9B012E319F41}"
EndProject
Project("{FAE04EC0-301F-11D3-BF4B-00C04F79EFBC}") = "NSE.Identidade.API", "src\Services\Identidade\NSE.Identidade.API.csproj", "{64BC8AA0-B49D-4C8C-8664-4B76631B307A}"
EndProject
Global
	GlobalSection(SolutionConfigurationPlatforms) = preSolution
		Debug|Any CPU = Debug|Any CPU
		Debug|x64 = Debug|x64
		Debug|x86 = Debug|x86
		Release|Any CPU = Release|Any CPU
		Release|x64 = Release|x64
		Release|x86 = Release|x86
	EndGlobalSection
	GlobalSection(SolutionProperties) = preSolution
		HideSolutionNode = FALSE
	EndGlobalSection
	GlobalSection(ProjectConfigurationPlatforms) = postSolution
		{CCC70904-8CDA-473B-9C21-0CA4D6CF86F3}.Debug|Any CPU.ActiveCfg = Debug|Any CPU
		{CCC70904-8CDA-473B-9C21-0CA4D6CF86F3}.Debug|Any CPU.Build.0 = Debug|Any CPU
		{CCC70904-8CDA-473B-9C21-0CA4D6CF86F3}.Debug|x64.ActiveCfg = Debug|Any CPU
		{CCC70904-8CDA-473B-9C21-0CA4D6CF86F3}.Debug|x64.Build.0 = Debug|Any CPU
		{CCC70904-8CDA-473B-9C21-0CA4D6CF86F3}.Debug|x86.ActiveCfg = Debug|Any CPU
		{CCC70904-8CDA-473B-9C21-0CA4D6CF86F3}.Debug|x86.Build.0 = Debug|Any CPU
		{CCC70904-8CDA-473B-9C21-0CA4D6CF86F3}.Release|Any CPU.ActiveCfg = Release|Any CPU
		{CCC70904-8CDA-473B-9C21-0CA4D6CF86F3}.Release|Any CPU.Build.0 = Release|Any CPU
		{CCC70904-8CDA-473B-9C21-0CA4D6CF86F3}.Release|x64.ActiveCfg = Release|Any CPU
		{CCC70904-8CDA-473B-9C21-0CA4D6CF86F3}.Release|x64.Build.0 = Release|Any CPU
		{CCC70904-8CDA-473B-9C21-0CA4D6CF86F3}.Release|x86.ActiveCfg = Release|Any CPU
		{CCC70904-8CDA-473B-9C21-0CA4D6CF86F3}.Release|x86.Build.0 = Release|Any CPU
		{2B192B93-88D0-4553-9A82-8446FA998C76}.Debug|Any CPU.ActiveCfg = Debug|Any CPU
		{2B192B93-88D0-4553-9A82-8446FA998C76}.Debug|Any CPU.Build.0 = Debug|Any CPU
		{2B192B93-88D0-4553-9A82-8446FA998C76}.Debug|x64.ActiveCfg = Debug|Any CPU
		{2B192B93-88D0-4553-9A82-8446FA998C76}.Debug|x64.Build.0 = Debug|Any CPU
		{2B192B93-88D0-4553-9A82-8446FA998C76}.Debug|x86.ActiveCfg = Debug|Any CPU
		{2B192B93-88D0-4553-9A82-8446FA998C76}.Debug|x86.Build.0 = Debug|Any CPU
		{2B192B93-88D0-4553-9A82-8446FA998C76}.Release|Any CPU.ActiveCfg = Release|Any CPU
		{2B192B93-88D0-4553-9A82-8446FA998C76}.Release|Any CPU.Build.0 = Release|Any CPU
		{2B192B93-88D0-4553-9A82-8446FA998C76}.Release|x64.ActiveCfg = Release|Any CPU
		{2B192B93-88D0-4553-9A82-8446FA998C76}.Release|x64.Build.0 = Release|Any CPU
		{2B192B93-88D0-4553-9A82-8446FA998C76}.Release|x86.ActiveCfg = Release|Any CPU
		{2B192B93-88D0-4553-9A82-8446FA998C76}.Release|x86.Build.0 = Release|Any CPU
		{2590649F-14EF-48C8-A52C-BB57915269D6}.Debug|Any CPU.ActiveCfg = Debug|Any CPU
		{2590649F-14EF-48C8-A52C-BB57915269D6}.Debug|Any CPU.Build.0 = Debug|Any CPU
		{2590649F-14EF-48C8-A52C-BB57915269D6}.Debug|x64.ActiveCfg = Debug|Any CPU
		{2590649F-14EF-48C8-A52C-BB57915269D6}.Debug|x64.Build.0 = Debug|Any CPU
		{2590649F-14EF-48C8-A52C-BB57915269D6}.Debug|x86.ActiveCfg = Debug|Any CPU
		{2590649F-14EF-48C8-A52C-BB57915269D6}.Debug|x86.Build.0 = Debug|Any CPU
		{2590649F-14EF-48C8-A52C-BB57915269D6}.Release|Any CPU.ActiveCfg = Release|Any CPU
		{2590649F-14EF-48C8-A52C-BB57915269D6}.Release|Any CPU.Build.0 = Release|Any CPU
		{2590649F-14EF-48C8-A52C-BB57915269D6}.Release|x64.ActiveCfg = Release|Any CPU
		{2590649F-14EF-48C8-A52C-BB57915269D6}.Release|x64.Build.0 = Release|Any CPU
		{2590649F-14EF-48C8-A52C-BB57915269D6}.Release|x86.ActiveCfg = Release|Any CPU
		{2590649F-14EF-48C8-A52C-BB57915269D6}.Release|x86.Build.0 = Release|Any CPU
		{C31D1C0D-745D-4AE4-80D1-0D2203ED431C}.Debug|Any CPU.ActiveCfg = Debug|Any CPU
		{C31D1C0D-745D-4AE4-80D1-0D2203ED431C}.Debug|Any CPU.Build.0 = Debug|Any CPU
		{C31D1C0D-745D-4AE4-80D1-0D2203ED431C}.Debug|x64.ActiveCfg = Debug|Any CPU
		{C31D1C0D-745D-4AE4-80D1-0D2203ED431C}.Debug|x64.Build.0 = Debug|Any CPU
		{C31D1C0D-745D-4AE4-80D1-0D2203ED431C}.Debug|x86.ActiveCfg = Debug|Any CPU
		{C31D1C0D-745D-4AE4-80D1-0D2203ED431C}.Debug|x86.Build.0 = Debug|Any CPU
		{C31D1C0D-745D-4AE4-80D1-0D2203ED431C}.Release|Any CPU.ActiveCfg = Release|Any CPU
		{C31D1C0D-745D-4AE4-80D1-0D2203ED431C}.Release|Any CPU.Build.0 = Release|Any CPU
		{C31D1C0D-745D-4AE4-80D1-0D2203ED431C}.Release|x64.ActiveCfg = Release|Any CPU
		{C31D1C0D-745D-4AE4-80D1-0D2203ED431C}.Release|x64.Build.0 = Release|Any CPU
		{C31D1C0D-745D-4AE4-80D1-0D2203ED431C}.Release|x86.ActiveCfg = Release|Any CPU
		{C31D1C0D-745D-4AE4-80D1-0D2203ED431C}.Release|x86.Build.0 = Release|Any CPU
		{ABB13247-B754-476D-B06E-BBBD01AFFC83}.Debug|Any CPU.ActiveCfg = Debug|Any CPU
		{ABB13247-B754-476D-B06E-BBBD01AFFC83}.Debug|Any CPU.Build.0 = Debug|Any CPU
		{ABB13247-B754-476D-B06E-BBBD01AFFC83}.Debug|x64.ActiveCfg = Debug|Any CPU
		{ABB13247-B754-476D-B06E-BBBD01AFFC83}.Debug|x64.Build.0 = Debug|Any CPU
		{ABB13247-B754-476D-B06E-BBBD01AFFC83}.Debug|x86.ActiveCfg = Debug|Any CPU
		{ABB13247-B754-476D-B06E-BBBD01AFFC83}.Debug|x86.Build.0 = Debug|Any CPU
		{ABB13247-B754-476D-B06E-BBBD01AFFC83}.Release|Any CPU.ActiveCfg = Release|Any CPU
		{ABB13247-B754-476D-B06E-BBBD01AFFC83}.Release|Any CPU.Build.0 = Release|Any CPU
		{ABB13247-B754-476D-B06E-BBBD01AFFC83}.Release|x64.ActiveCfg = Release|Any CPU
		{ABB13247-B754-476D-B06E-BBBD01AFFC83}.Release|x64.Build.0 = Release|Any CPU
		{ABB13247-B754-476D-B06E-BBBD01AFFC83}.Release|x86.ActiveCfg = Release|Any CPU
		{ABB13247-B754-476D-B06E-BBBD01AFFC83}.Release|x86.Build.0 = Release|Any CPU
		{EB9E5032-D5A0-43C9-A7FB-F80FE38431E2}.Debug|Any CPU.ActiveCfg = Debug|Any CPU
		{EB9E5032-D5A0-43C9-A7FB-F80FE38431E2}.Debug|Any CPU.Build.0 = Debug|Any CPU
		{EB9E5032-D5A0-43C9-A7FB-F80FE38431E2}.Debug|x64.ActiveCfg = Debug|Any CPU
		{EB9E5032-D5A0-43C9-A7FB-F80FE38431E2}.Debug|x64.Build.0 = Debug|Any CPU
		{EB9E5032-D5A0-43C9-A7FB-F80FE38431E2}.Debug|x86.ActiveCfg = Debug|Any CPU
		{EB9E5032-D5A0-43C9-A7FB-F80FE38431E2}.Debug|x86.Build.0 = Debug|Any CPU
		{EB9E5032-D5A0-43C9-A7FB-F80FE38431E2}.Release|Any CPU.ActiveCfg = Release|Any CPU
		{EB9E5032-D5A0-43C9-A7FB-F80FE38431E2}.Release|Any CPU.Build.0 = Release|Any CPU
		{EB9E5032-D5A0-43C9-A7FB-F80FE38431E2}.Release|x64.ActiveCfg = Release|Any CPU
		{EB9E5032-D5A0-43C9-A7FB-F80FE38431E2}.Release|x64.Build.0 = Release|Any CPU
		{EB9E5032-D5A0-43C9-A7FB-F80FE38431E2}.Release|x86.ActiveCfg = Release|Any CPU
		{EB9E5032-D5A0-43C9-A7FB-F80FE38431E2}.Release|x86.Build.0 = Release|Any CPU
		{6AC04A1A-0FE5-46AB-B50D-9B012E319F41}.Debug|Any CPU.ActiveCfg = Debug|Any CPU
		{6AC04A1A-0FE5-46AB-B50D-9B012E319F41}.Debug|Any CPU.Build.0 = Debug|Any CPU
		{6AC04A1A-0FE5-46AB-B50D-9B012E319F41}.Debug|x64.ActiveCfg = Debug|Any CPU
		{6AC04A1A-0FE5-46AB-B50D-9B012E319F41}.Debug|x64.Build.0 = Debug|Any CPU
		{6AC04A1A-0FE5-46AB-B50D-9B012E319F41}.Debug|x86.ActiveCfg = Debug|Any CPU
		{6AC04A1A-0FE5-46AB-B50D-9B012E319F41}.Debug|x86.Build.0 = Debug|Any CPU
		{6AC04A1A-0FE5-46AB-B50D-9B012E319F41}.Release|Any CPU.ActiveCfg = Release|Any CPU
		{6AC04A1A-0FE5-46AB-B50D-9B012E319F41}.Release|Any CPU.Build.0 = Release|Any CPU
		{6AC04A1A-0FE5-46AB-B50D-9B012E319F41}.Release|x64.ActiveCfg = Release|Any CPU
		{6AC04A1A-0FE5-46AB-B50D-9B012E319F41}.Release|x64.Build.0 = Release|Any CPU
		{6AC04A1A-0FE5-46AB-B50D-9B012E319F41}.Release|x86.ActiveCfg = Release|Any CPU
		{6AC04A1A-0FE5-46AB-B50D-9B012E319F41}.Release|x86.Build.0 = Release|Any CPU
		{64BC8AA0-B49D-4C8C-8664-4B76631B307A}.Debug|Any CPU.ActiveCfg = Debug|Any CPU
		{64BC8AA0-B49D-4C8C-8664-4B76631B307A}.Debug|Any CPU.Build.0 = Debug|Any CPU
		{64BC8AA0-B49D-4C8C-8664-4B76631B307A}.Debug|x64.ActiveCfg = Debug|Any CPU
		{64BC8AA0-B49D-4C8C-8664-4B76631B307A}.Debug|x64.Build.0 = Debug|Any CPU
		{64BC8AA0-B49D-4C8C-8664-4B76631B307A}.Debug|x86.ActiveCfg = Debug|Any CPU
		{64BC8AA0-B49D-4C8C-8664-4B76631B307A}.Debug|x86.Build.0 = Debug|Any CPU
		{64BC8AA0-B49D-4C8C-8664-4B76631B307A}.Release|Any CPU.ActiveCfg = Release|Any CPU
		{64BC8AA0-B49D-4C8C-8664-4B76631B307A}.Release|Any CPU.Build.0 = Release|Any CPU
		{64BC8AA0-B49D-4C8C-8664-4B76631B307A}.Release|x64.ActiveCfg = Release|Any CPU
		{64BC8AA0-B49D-4C8C-8664-4B76631B307A}.Release|x64.Build.0 = Release|Any CPU
		{64BC8AA0-B49D-4C8C-8664-4B76631B307A}.Release|x86.ActiveCfg = Release|Any CPU
		{64BC8AA0-B49D-4C8C-8664-4B76631B307A}.Release|x86.Build.0 = Release|Any CPU
	EndGlobalSection
	GlobalSection(NestedProjects) = preSolution
		{71C18463-8874-4B1E-966B-A4FCE46ACF91} = {93FFB128-1AF8-453D-BB98-722C018D0540}
		{694DFB20-BDE3-4998-A84B-FC7D52554CE6} = {93FFB128-1AF8-453D-BB98-722C018D0540}
		{CCC70904-8CDA-473B-9C21-0CA4D6CF86F3} = {694DFB20-BDE3-4998-A84B-FC7D52554CE6}
		{19D75AFC-4E25-481C-A257-EB504AE4810F} = {93FFB128-1AF8-453D-BB98-722C018D0540}
		{2B192B93-88D0-4553-9A82-8446FA998C76} = {19D75AFC-4E25-481C-A257-EB504AE4810F}
		{2590649F-14EF-48C8-A52C-BB57915269D6} = {71C18463-8874-4B1E-966B-A4FCE46ACF91}
		{C31D1C0D-745D-4AE4-80D1-0D2203ED431C} = {71C18463-8874-4B1E-966B-A4FCE46ACF91}
		{ABB13247-B754-476D-B06E-BBBD01AFFC83} = {71C18463-8874-4B1E-966B-A4FCE46ACF91}
		{EB9E5032-D5A0-43C9-A7FB-F80FE38431E2} = {71C18463-8874-4B1E-966B-A4FCE46ACF91}
		{6AC04A1A-0FE5-46AB-B50D-9B012E319F41} = {71C18463-8874-4B1E-966B-A4FCE46ACF91}
		{64BC8AA0-B49D-4C8C-8664-4B76631B307A} = {71C18463-8874-4B1E-966B-A4FCE46ACF91}
	EndGlobalSection
EndGlobal
