
Microsoft Visual Studio Solution File, Format Version 12.00
# Visual Studio Version 17
VisualStudioVersion = 17.0.31903.59
MinimumVisualStudioVersion = 10.0.40219.1
Project("{2150E333-8FDC-42A3-9474-1A3956D46DE8}") = "src", "src", "{8109E35A-D63B-4F48-AC52-1143A7DBAFDC}"
EndProject
Project("{2150E333-8FDC-42A3-9474-1A3956D46DE8}") = "services", "services", "{11B13A0F-A01F-4047-8E7D-42C7EA5CC67E}"
EndProject
Project("{9A19103F-16F7-4668-BE54-9A1E7A4F7556}") = "NSE.Identidade.API", "src\services\NSE.Identidade.API\NSE.Identidade.API.csproj", "{FFB38B6F-DB59-4FC9-84D8-EB0503715BD5}"
EndProject
Project("{2150E333-8FDC-42A3-9474-1A3956D46DE8}") = "web", "web", "{719213A2-3DC1-4848-AEA3-8CBB2EE6FE7F}"
EndProject
Project("{9A19103F-16F7-4668-BE54-9A1E7A4F7556}") = "NSE.WebApp.MVC", "src\web\NSE.WebApp.MVC\NSE.WebApp.MVC.csproj", "{661D5C7E-62BF-4E38-B09B-CE5B046CB86A}"
EndProject
Project("{2150E333-8FDC-42A3-9474-1A3956D46DE8}") = "buildingBlocks", "buildingBlocks", "{2B0774C1-9D18-4D29-B4F6-E39ECD42D01D}"
EndProject
Project("{2150E333-8FDC-42A3-9474-1A3956D46DE8}") = "Core", "Core", "{23DA6688-300D-4DB2-AE8C-E8B231F785F5}"
EndProject
Project("{9A19103F-16F7-4668-BE54-9A1E7A4F7556}") = "NSE.Carrinho.API", "src\services\NSE.Carrinho.API\NSE.Carrinho.API.csproj", "{908079E5-E6C9-4B5C-8269-4ED88D8D190C}"
EndProject
Project("{9A19103F-16F7-4668-BE54-9A1E7A4F7556}") = "NSE.Catalogo.API", "src\services\NSE.Catalogo.API\NSE.Catalogo.API.csproj", "{522D7DA0-CAA1-472A-B201-B1DB61B937A3}"
EndProject
Project("{9A19103F-16F7-4668-BE54-9A1E7A4F7556}") = "NSE.Cliente.API", "src\services\NSE.Cliente.API\NSE.Cliente.API.csproj", "{42FDFA4C-A62A-4F85-868F-5761E8E18954}"
EndProject
Project("{9A19103F-16F7-4668-BE54-9A1E7A4F7556}") = "NSE.Pagamento.API", "src\services\NSE.Pagamento.API\NSE.Pagamento.API.csproj", "{17910FE4-5634-45B2-97FB-E5CF92E49A9C}"
EndProject
Project("{9A19103F-16F7-4668-BE54-9A1E7A4F7556}") = "NSE.Pedido.API", "src\services\NSE.Pedido.API\NSE.Pedido.API.csproj", "{CF6C23BC-A147-472E-B831-DDEFBF58402A}"
EndProject
Project("{9A19103F-16F7-4668-BE54-9A1E7A4F7556}") = "NSE.Core", "src\buildingBlocks\Core\NSE.Core\NSE.Core.csproj", "{4EA6ED08-8F4A-485D-A23A-F7D8AA2A1BDD}"
EndProject
Project("{2150E333-8FDC-42A3-9474-1A3956D46DE8}") = "Services", "Services", "{195F2074-B2DE-4D75-A940-8D6733297E3F}"
EndProject
Project("{9A19103F-16F7-4668-BE54-9A1E7A4F7556}") = "NSE.WebAPI.Core", "src\buildingBlocks\NSE.WebAPI.Core\NSE.WebAPI.Core.csproj", "{311B5C5B-0387-4C24-AA9A-1818C7346AB8}"
EndProject
Project("{2150E333-8FDC-42A3-9474-1A3956D46DE8}") = "MessageBus", "MessageBus", "{C2D0302D-6618-45FD-8CAB-97A013BA244A}"
EndProject
Project("{9A19103F-16F7-4668-BE54-9A1E7A4F7556}") = "NSE.MessageBus", "src\buildingBlocks\NSE.MessageBus\NSE.MessageBus.csproj", "{E50FFA15-10CD-4D0B-B713-3F8B3410125E}"
EndProject
Project("{2150E333-8FDC-42A3-9474-1A3956D46DE8}") = "apiGateways", "apiGateways", "{035D7549-E27E-4AD2-9746-F93FF938D74F}"
EndProject
Project("{FAE04EC0-301F-11D3-BF4B-00C04F79EFBC}") = "NSE.Bff.Compras", "src\apiGateways\NSE.Bff.Compras\NSE.Bff.Compras.csproj", "{E3CB5A31-BB8A-4574-BBE0-6878226481C6}"
EndProject
Global
	GlobalSection(SolutionConfigurationPlatforms) = preSolution
		Debug|Any CPU = Debug|Any CPU
		Release|Any CPU = Release|Any CPU
	EndGlobalSection
	GlobalSection(ProjectConfigurationPlatforms) = postSolution
		{FFB38B6F-DB59-4FC9-84D8-EB0503715BD5}.Debug|Any CPU.ActiveCfg = Debug|Any CPU
		{FFB38B6F-DB59-4FC9-84D8-EB0503715BD5}.Debug|Any CPU.Build.0 = Debug|Any CPU
		{FFB38B6F-DB59-4FC9-84D8-EB0503715BD5}.Release|Any CPU.ActiveCfg = Release|Any CPU
		{FFB38B6F-DB59-4FC9-84D8-EB0503715BD5}.Release|Any CPU.Build.0 = Release|Any CPU
		{661D5C7E-62BF-4E38-B09B-CE5B046CB86A}.Debug|Any CPU.ActiveCfg = Debug|Any CPU
		{661D5C7E-62BF-4E38-B09B-CE5B046CB86A}.Debug|Any CPU.Build.0 = Debug|Any CPU
		{661D5C7E-62BF-4E38-B09B-CE5B046CB86A}.Release|Any CPU.ActiveCfg = Release|Any CPU
		{661D5C7E-62BF-4E38-B09B-CE5B046CB86A}.Release|Any CPU.Build.0 = Release|Any CPU
		{908079E5-E6C9-4B5C-8269-4ED88D8D190C}.Debug|Any CPU.ActiveCfg = Debug|Any CPU
		{908079E5-E6C9-4B5C-8269-4ED88D8D190C}.Debug|Any CPU.Build.0 = Debug|Any CPU
		{908079E5-E6C9-4B5C-8269-4ED88D8D190C}.Release|Any CPU.ActiveCfg = Release|Any CPU
		{908079E5-E6C9-4B5C-8269-4ED88D8D190C}.Release|Any CPU.Build.0 = Release|Any CPU
		{522D7DA0-CAA1-472A-B201-B1DB61B937A3}.Debug|Any CPU.ActiveCfg = Debug|Any CPU
		{522D7DA0-CAA1-472A-B201-B1DB61B937A3}.Debug|Any CPU.Build.0 = Debug|Any CPU
		{522D7DA0-CAA1-472A-B201-B1DB61B937A3}.Release|Any CPU.ActiveCfg = Release|Any CPU
		{522D7DA0-CAA1-472A-B201-B1DB61B937A3}.Release|Any CPU.Build.0 = Release|Any CPU
		{42FDFA4C-A62A-4F85-868F-5761E8E18954}.Debug|Any CPU.ActiveCfg = Debug|Any CPU
		{42FDFA4C-A62A-4F85-868F-5761E8E18954}.Debug|Any CPU.Build.0 = Debug|Any CPU
		{42FDFA4C-A62A-4F85-868F-5761E8E18954}.Release|Any CPU.ActiveCfg = Release|Any CPU
		{42FDFA4C-A62A-4F85-868F-5761E8E18954}.Release|Any CPU.Build.0 = Release|Any CPU
		{17910FE4-5634-45B2-97FB-E5CF92E49A9C}.Debug|Any CPU.ActiveCfg = Debug|Any CPU
		{17910FE4-5634-45B2-97FB-E5CF92E49A9C}.Debug|Any CPU.Build.0 = Debug|Any CPU
		{17910FE4-5634-45B2-97FB-E5CF92E49A9C}.Release|Any CPU.ActiveCfg = Release|Any CPU
		{17910FE4-5634-45B2-97FB-E5CF92E49A9C}.Release|Any CPU.Build.0 = Release|Any CPU
		{CF6C23BC-A147-472E-B831-DDEFBF58402A}.Debug|Any CPU.ActiveCfg = Debug|Any CPU
		{CF6C23BC-A147-472E-B831-DDEFBF58402A}.Debug|Any CPU.Build.0 = Debug|Any CPU
		{CF6C23BC-A147-472E-B831-DDEFBF58402A}.Release|Any CPU.ActiveCfg = Release|Any CPU
		{CF6C23BC-A147-472E-B831-DDEFBF58402A}.Release|Any CPU.Build.0 = Release|Any CPU
		{4EA6ED08-8F4A-485D-A23A-F7D8AA2A1BDD}.Debug|Any CPU.ActiveCfg = Debug|Any CPU
		{4EA6ED08-8F4A-485D-A23A-F7D8AA2A1BDD}.Debug|Any CPU.Build.0 = Debug|Any CPU
		{4EA6ED08-8F4A-485D-A23A-F7D8AA2A1BDD}.Release|Any CPU.ActiveCfg = Release|Any CPU
		{4EA6ED08-8F4A-485D-A23A-F7D8AA2A1BDD}.Release|Any CPU.Build.0 = Release|Any CPU
		{311B5C5B-0387-4C24-AA9A-1818C7346AB8}.Debug|Any CPU.ActiveCfg = Debug|Any CPU
		{311B5C5B-0387-4C24-AA9A-1818C7346AB8}.Debug|Any CPU.Build.0 = Debug|Any CPU
		{311B5C5B-0387-4C24-AA9A-1818C7346AB8}.Release|Any CPU.ActiveCfg = Release|Any CPU
		{311B5C5B-0387-4C24-AA9A-1818C7346AB8}.Release|Any CPU.Build.0 = Release|Any CPU
		{E50FFA15-10CD-4D0B-B713-3F8B3410125E}.Debug|Any CPU.ActiveCfg = Debug|Any CPU
		{E50FFA15-10CD-4D0B-B713-3F8B3410125E}.Debug|Any CPU.Build.0 = Debug|Any CPU
		{E50FFA15-10CD-4D0B-B713-3F8B3410125E}.Release|Any CPU.ActiveCfg = Release|Any CPU
		{E50FFA15-10CD-4D0B-B713-3F8B3410125E}.Release|Any CPU.Build.0 = Release|Any CPU
		{E3CB5A31-BB8A-4574-BBE0-6878226481C6}.Debug|Any CPU.ActiveCfg = Debug|Any CPU
		{E3CB5A31-BB8A-4574-BBE0-6878226481C6}.Debug|Any CPU.Build.0 = Debug|Any CPU
		{E3CB5A31-BB8A-4574-BBE0-6878226481C6}.Release|Any CPU.ActiveCfg = Release|Any CPU
		{E3CB5A31-BB8A-4574-BBE0-6878226481C6}.Release|Any CPU.Build.0 = Release|Any CPU
	EndGlobalSection
	GlobalSection(SolutionProperties) = preSolution
		HideSolutionNode = FALSE
	EndGlobalSection
	GlobalSection(NestedProjects) = preSolution
		{11B13A0F-A01F-4047-8E7D-42C7EA5CC67E} = {8109E35A-D63B-4F48-AC52-1143A7DBAFDC}
		{FFB38B6F-DB59-4FC9-84D8-EB0503715BD5} = {11B13A0F-A01F-4047-8E7D-42C7EA5CC67E}
		{719213A2-3DC1-4848-AEA3-8CBB2EE6FE7F} = {8109E35A-D63B-4F48-AC52-1143A7DBAFDC}
		{661D5C7E-62BF-4E38-B09B-CE5B046CB86A} = {719213A2-3DC1-4848-AEA3-8CBB2EE6FE7F}
		{2B0774C1-9D18-4D29-B4F6-E39ECD42D01D} = {8109E35A-D63B-4F48-AC52-1143A7DBAFDC}
		{23DA6688-300D-4DB2-AE8C-E8B231F785F5} = {2B0774C1-9D18-4D29-B4F6-E39ECD42D01D}
		{908079E5-E6C9-4B5C-8269-4ED88D8D190C} = {11B13A0F-A01F-4047-8E7D-42C7EA5CC67E}
		{522D7DA0-CAA1-472A-B201-B1DB61B937A3} = {11B13A0F-A01F-4047-8E7D-42C7EA5CC67E}
		{42FDFA4C-A62A-4F85-868F-5761E8E18954} = {11B13A0F-A01F-4047-8E7D-42C7EA5CC67E}
		{17910FE4-5634-45B2-97FB-E5CF92E49A9C} = {11B13A0F-A01F-4047-8E7D-42C7EA5CC67E}
		{CF6C23BC-A147-472E-B831-DDEFBF58402A} = {11B13A0F-A01F-4047-8E7D-42C7EA5CC67E}
		{4EA6ED08-8F4A-485D-A23A-F7D8AA2A1BDD} = {23DA6688-300D-4DB2-AE8C-E8B231F785F5}
		{195F2074-B2DE-4D75-A940-8D6733297E3F} = {2B0774C1-9D18-4D29-B4F6-E39ECD42D01D}
		{311B5C5B-0387-4C24-AA9A-1818C7346AB8} = {195F2074-B2DE-4D75-A940-8D6733297E3F}
		{C2D0302D-6618-45FD-8CAB-97A013BA244A} = {2B0774C1-9D18-4D29-B4F6-E39ECD42D01D}
		{E50FFA15-10CD-4D0B-B713-3F8B3410125E} = {C2D0302D-6618-45FD-8CAB-97A013BA244A}
		{035D7549-E27E-4AD2-9746-F93FF938D74F} = {8109E35A-D63B-4F48-AC52-1143A7DBAFDC}
		{E3CB5A31-BB8A-4574-BBE0-6878226481C6} = {035D7549-E27E-4AD2-9746-F93FF938D74F}
	EndGlobalSection
	GlobalSection(ExtensibilityGlobals) = postSolution
		SolutionGuid = {BE57ECF9-1414-48D8-AD55-02D3D1ECF270}
	EndGlobalSection
EndGlobal
